
Microsoft Visual Studio Solution File, Format Version 12.00
# Visual Studio Version 16
VisualStudioVersion = 16.0.30204.135
MinimumVisualStudioVersion = 10.0.40219.1
Project("{FAE04EC0-301F-11D3-BF4B-00C04F79EFBC}") = "WebProxyService", "WebProxyService\WebProxyService.csproj", "{5064BCFD-B95B-4789-B1C2-B756B0471B25}"
EndProject
Project("{FAE04EC0-301F-11D3-BF4B-00C04F79EFBC}") = "WebProxyService.Test", "WebProxyService.Test\WebProxyService.Test.csproj", "{3BCA3F57-2077-4103-83B6-03D83237A4A9}"
EndProject
Project("{FAE04EC0-301F-11D3-BF4B-00C04F79EFBC}") = "WebProxyService.Benchmark", "WebProxyService.Benchmark\WebProxyService.Benchmark.csproj", "{1F4EF942-3762-4E5B-A074-419D207F19B2}"
EndProject
Global
	GlobalSection(SolutionConfigurationPlatforms) = preSolution
		Debug|Any CPU = Debug|Any CPU
		Release|Any CPU = Release|Any CPU
	EndGlobalSection
	GlobalSection(ProjectConfigurationPlatforms) = postSolution
		{5064BCFD-B95B-4789-B1C2-B756B0471B25}.Debug|Any CPU.ActiveCfg = Debug|Any CPU
		{5064BCFD-B95B-4789-B1C2-B756B0471B25}.Debug|Any CPU.Build.0 = Debug|Any CPU
		{5064BCFD-B95B-4789-B1C2-B756B0471B25}.Release|Any CPU.ActiveCfg = Release|Any CPU
		{5064BCFD-B95B-4789-B1C2-B756B0471B25}.Release|Any CPU.Build.0 = Release|Any CPU
		{3BCA3F57-2077-4103-83B6-03D83237A4A9}.Debug|Any CPU.ActiveCfg = Debug|Any CPU
		{3BCA3F57-2077-4103-83B6-03D83237A4A9}.Debug|Any CPU.Build.0 = Debug|Any CPU
		{3BCA3F57-2077-4103-83B6-03D83237A4A9}.Release|Any CPU.ActiveCfg = Release|Any CPU
		{3BCA3F57-2077-4103-83B6-03D83237A4A9}.Release|Any CPU.Build.0 = Release|Any CPU
		{1F4EF942-3762-4E5B-A074-419D207F19B2}.Debug|Any CPU.ActiveCfg = Debug|Any CPU
		{1F4EF942-3762-4E5B-A074-419D207F19B2}.Debug|Any CPU.Build.0 = Debug|Any CPU
		{1F4EF942-3762-4E5B-A074-419D207F19B2}.Release|Any CPU.ActiveCfg = Release|Any CPU
		{1F4EF942-3762-4E5B-A074-419D207F19B2}.Release|Any CPU.Build.0 = Release|Any CPU
	EndGlobalSection
	GlobalSection(SolutionProperties) = preSolution
		HideSolutionNode = FALSE
	EndGlobalSection
	GlobalSection(ExtensibilityGlobals) = postSolution
		SolutionGuid = {16D50498-BC62-4812-AB72-14E3FD4F614C}
	EndGlobalSection
EndGlobal
